<?xml version="1.0" encoding="utf-8"?>
<Project ToolsVersion="4.0" xmlns="http://schemas.microsoft.com/developer/msbuild/2003">
  <ItemGroup>
    <Filter Include="소스 파일">
      <UniqueIdentifier>{4FC737F1-C7A5-4376-A066-2A32D752A2FF}</UniqueIdentifier>
      <Extensions>cpp;c;cc;cxx;c++;cppm;ixx;def;odl;idl;hpj;bat;asm;asmx</Extensions>
    </Filter>
    <Filter Include="헤더 파일">
      <UniqueIdentifier>{93995380-89BD-4b04-88EB-625FBE52EBFB}</UniqueIdentifier>
      <Extensions>h;hh;hpp;hxx;h++;hm;inl;inc;ipp;xsd</Extensions>
    </Filter>
    <Filter Include="리소스 파일">
      <UniqueIdentifier>{67DA6AB6-F800-4c08-8B7A-83BB121AAD01}</UniqueIdentifier>
      <Extensions>rc;ico;cur;bmp;dlg;rc2;rct;bin;rgs;gif;jpg;jpeg;jpe;resx;tiff;tif;png;wav;mfcribbon-ms</Extensions>
    </Filter>
    <Filter Include="Sprite">
      <UniqueIdentifier>{deac2108-d83b-4c28-919d-d7bea61a1a74}</UniqueIdentifier>
    </Filter>
    <Filter Include="Utilities">
      <UniqueIdentifier>{7f2187b2-87e7-4eac-b43b-c5744ca5873f}</UniqueIdentifier>
    </Filter>
    <Filter Include="Utilities\Vec">
      <UniqueIdentifier>{a16b973c-07ac-4825-acbc-244efb021bf6}</UniqueIdentifier>
    </Filter>
    <Filter Include="Utilities\Mat">
      <UniqueIdentifier>{4a5baa14-76d2-404a-9870-af20dcc1e555}</UniqueIdentifier>
    </Filter>
    <Filter Include="GameObjects">
      <UniqueIdentifier>{c2349094-fa73-46e7-a0a6-b3ab91e207a4}</UniqueIdentifier>
    </Filter>
  </ItemGroup>
  <ItemGroup>
    <ClInclude Include="framework.h">
      <Filter>헤더 파일</Filter>
    </ClInclude>
    <ClInclude Include="targetver.h">
      <Filter>헤더 파일</Filter>
    </ClInclude>
    <ClInclude Include="Resource.h">
      <Filter>헤더 파일</Filter>
    </ClInclude>
    <ClInclude Include="InhaWinAPIGame.h">
      <Filter>헤더 파일</Filter>
    </ClInclude>
    <ClInclude Include="Game.h">
      <Filter>헤더 파일</Filter>
    </ClInclude>
    <ClInclude Include="TemplateSingleton.h">
      <Filter>Utilities</Filter>
    </ClInclude>
    <ClInclude Include="MathSH.h">
      <Filter>Utilities</Filter>
    </ClInclude>
    <ClInclude Include="Vec2.h">
      <Filter>Utilities\Vec</Filter>
    </ClInclude>
    <ClInclude Include="Vec3.h">
      <Filter>Utilities\Vec</Filter>
    </ClInclude>
    <ClInclude Include="Mat2.h">
      <Filter>Utilities\Mat</Filter>
    </ClInclude>
    <ClInclude Include="Mat3.h">
      <Filter>Utilities\Mat</Filter>
    </ClInclude>
    <ClInclude Include="GDIPlusManager.h">
      <Filter>헤더 파일</Filter>
    </ClInclude>
    <ClInclude Include="Surface.h">
      <Filter>헤더 파일</Filter>
    </ClInclude>
    <ClInclude Include="Codex.h">
      <Filter>헤더 파일</Filter>
    </ClInclude>
    <ClInclude Include="UtilSH.h">
      <Filter>Utilities</Filter>
    </ClInclude>
    <ClInclude Include="Scene.h">
      <Filter>헤더 파일</Filter>
    </ClInclude>
    <ClInclude Include="DrawManager.h">
      <Filter>헤더 파일</Filter>
    </ClInclude>
    <ClInclude Include="GeometricObject.h">
      <Filter>헤더 파일</Filter>
    </ClInclude>
    <ClInclude Include="PatternMatchingListener.h">
      <Filter>헤더 파일</Filter>
    </ClInclude>
    <ClInclude Include="PhysicsEntity.h">
      <Filter>헤더 파일</Filter>
    </ClInclude>
    <ClInclude Include="PhysicsEntityTypeTraits.h">
      <Filter>헤더 파일</Filter>
    </ClInclude>
    <ClInclude Include="CollisionManager.h">
      <Filter>헤더 파일</Filter>
    </ClInclude>
    <ClInclude Include="Vec2W.h">
      <Filter>헤더 파일</Filter>
    </ClInclude>
    <ClInclude Include="FrameTimer.h">
      <Filter>헤더 파일</Filter>
    </ClInclude>
    <ClInclude Include="ImageCodex.h">
      <Filter>헤더 파일</Filter>
    </ClInclude>
    <ClInclude Include="Actor.h">
      <Filter>헤더 파일</Filter>
    </ClInclude>
    <ClInclude Include="SceneMainGame.h">
      <Filter>헤더 파일</Filter>
    </ClInclude>
    <ClInclude Include="Arrow.h">
      <Filter>헤더 파일</Filter>
    </ClInclude>
    <ClInclude Include="Shooter.h">
      <Filter>GameObjects</Filter>
    </ClInclude>
    <ClInclude Include="Bullet.h">
      <Filter>헤더 파일</Filter>
    </ClInclude>
    <ClInclude Include="Brick.h">
      <Filter>헤더 파일</Filter>
    </ClInclude>
  </ItemGroup>
  <ItemGroup>
    <ClCompile Include="InhaWinAPIGame.cpp">
      <Filter>소스 파일</Filter>
    </ClCompile>
    <ClCompile Include="Game.cpp">
      <Filter>소스 파일</Filter>
    </ClCompile>
    <ClCompile Include="GDIPlusManager.cpp">
      <Filter>소스 파일</Filter>
    </ClCompile>
    <ClCompile Include="Surface.cpp">
      <Filter>소스 파일</Filter>
    </ClCompile>
    <ClCompile Include="PhysicsEntity.cpp">
      <Filter>소스 파일</Filter>
    </ClCompile>
    <ClCompile Include="FrameTimer.cpp">
      <Filter>소스 파일</Filter>
    </ClCompile>
    <ClCompile Include="Shooter.cpp">
      <Filter>GameObjects</Filter>
    </ClCompile>
    <ClCompile Include="Arrow.cpp">
      <Filter>소스 파일</Filter>
    </ClCompile>
    <ClCompile Include="SceneMainGame.cpp">
      <Filter>소스 파일</Filter>
    </ClCompile>
    <ClCompile Include="Bullet.cpp">
      <Filter>소스 파일</Filter>
    </ClCompile>
    <ClCompile Include="Brick.cpp">
      <Filter>소스 파일</Filter>
    </ClCompile>
  </ItemGroup>
  <ItemGroup>
    <ResourceCompile Include="InhaWinAPIGame.rc">
      <Filter>리소스 파일</Filter>
    </ResourceCompile>
  </ItemGroup>
  <ItemGroup>
    <Image Include="small.ico">
      <Filter>리소스 파일</Filter>
    </Image>
    <Image Include="InhaWinAPIGame.ico">
      <Filter>리소스 파일</Filter>
    </Image>
  </ItemGroup>
  <ItemGroup>
    <None Include="cpp.hint" />
  </ItemGroup>
</Project>