<?xml version="1.0" encoding="utf-8"?>
<Project ToolsVersion="4.0" xmlns="http://schemas.microsoft.com/developer/msbuild/2003">
  <ItemGroup>
    <Filter Include="소스 파일">
      <UniqueIdentifier>{4FC737F1-C7A5-4376-A066-2A32D752A2FF}</UniqueIdentifier>
      <Extensions>cpp;c;cc;cxx;c++;cppm;ixx;def;odl;idl;hpj;bat;asm;asmx</Extensions>
    </Filter>
    <Filter Include="헤더 파일">
      <UniqueIdentifier>{93995380-89BD-4b04-88EB-625FBE52EBFB}</UniqueIdentifier>
      <Extensions>h;hh;hpp;hxx;h++;hm;inl;inc;ipp;xsd</Extensions>
    </Filter>
    <Filter Include="리소스 파일">
      <UniqueIdentifier>{67DA6AB6-F800-4c08-8B7A-83BB121AAD01}</UniqueIdentifier>
      <Extensions>rc;ico;cur;bmp;dlg;rc2;rct;bin;rgs;gif;jpg;jpeg;jpe;resx;tiff;tif;png;wav;mfcribbon-ms</Extensions>
    </Filter>
    <Filter Include="헤더 파일\GameObjects">
      <UniqueIdentifier>{c2349094-fa73-46e7-a0a6-b3ab91e207a4}</UniqueIdentifier>
    </Filter>
    <Filter Include="소스 파일\GameObjects">
      <UniqueIdentifier>{3dbae438-56d8-4f9a-a0c9-42cf6cdd6630}</UniqueIdentifier>
    </Filter>
    <Filter Include="소스 파일\Engine">
      <UniqueIdentifier>{a96726a5-928d-4459-8be6-c05bf333eae1}</UniqueIdentifier>
    </Filter>
    <Filter Include="헤더 파일\Engine">
      <UniqueIdentifier>{243b8f0f-09f4-4adb-a83d-b92708a63b4b}</UniqueIdentifier>
    </Filter>
    <Filter Include="헤더 파일\Engine\Utilities">
      <UniqueIdentifier>{7f2187b2-87e7-4eac-b43b-c5744ca5873f}</UniqueIdentifier>
    </Filter>
    <Filter Include="헤더 파일\Engine\Utilities\Vec">
      <UniqueIdentifier>{a16b973c-07ac-4825-acbc-244efb021bf6}</UniqueIdentifier>
    </Filter>
    <Filter Include="헤더 파일\Engine\Utilities\Mat">
      <UniqueIdentifier>{4a5baa14-76d2-404a-9870-af20dcc1e555}</UniqueIdentifier>
    </Filter>
    <Filter Include="헤더 파일\Engine\Physics">
      <UniqueIdentifier>{62f809f9-bc21-47f9-9d31-459e10c19002}</UniqueIdentifier>
    </Filter>
    <Filter Include="헤더 파일\Engine\Graphics">
      <UniqueIdentifier>{9f1643cb-3e97-49de-8ff9-6b167350ad53}</UniqueIdentifier>
    </Filter>
    <Filter Include="소스 파일\Engine\Utility">
      <UniqueIdentifier>{5bc3e73b-f934-4f97-95ec-776b08c22f2a}</UniqueIdentifier>
    </Filter>
    <Filter Include="소스 파일\Engine\Graphics">
      <UniqueIdentifier>{c6417917-209a-44b0-97db-df82d2184040}</UniqueIdentifier>
    </Filter>
    <Filter Include="소스 파일\Engine\Physics">
      <UniqueIdentifier>{3aadcd72-13eb-4ca6-9e83-5afa2331afd5}</UniqueIdentifier>
    </Filter>
    <Filter Include="헤더 파일\Engine\Actor">
      <UniqueIdentifier>{ca3e5f8a-8c89-4eef-99f4-60db4463e5ae}</UniqueIdentifier>
    </Filter>
    <Filter Include="소스 파일\GameObjects\DynamicActor">
      <UniqueIdentifier>{0dca0630-eec6-4187-9230-b38188f23934}</UniqueIdentifier>
    </Filter>
    <Filter Include="소스 파일\GameObjects\StaticActor">
      <UniqueIdentifier>{a38026e6-e478-44f3-a7d2-baf01ef29b6a}</UniqueIdentifier>
    </Filter>
    <Filter Include="헤더 파일\GameObjects\DynamicActor">
      <UniqueIdentifier>{50dc631d-5d3c-4073-969e-04aa6b826b03}</UniqueIdentifier>
    </Filter>
    <Filter Include="헤더 파일\GameObjects\StaticActor">
      <UniqueIdentifier>{8dea5ae6-778e-4a01-96e6-394d8ec808f5}</UniqueIdentifier>
    </Filter>
    <Filter Include="헤더 파일\Engine\Scene">
      <UniqueIdentifier>{0dd70e61-ae7d-4a0e-b7f3-6d09a3a852fb}</UniqueIdentifier>
    </Filter>
    <Filter Include="헤더 파일\Scene">
      <UniqueIdentifier>{e6e3537f-1686-4f40-aa17-84a3a4245ed1}</UniqueIdentifier>
    </Filter>
    <Filter Include="소스 파일\Scene">
      <UniqueIdentifier>{928bb001-9a17-4d2f-ba20-e76146f001b1}</UniqueIdentifier>
    </Filter>
    <Filter Include="헤더 파일\Engine\Physics\GeometricObject">
      <UniqueIdentifier>{51c8f122-48a1-49fc-977a-58cff67c0168}</UniqueIdentifier>
    </Filter>
    <Filter Include="소스 파일\Engine\Actor">
      <UniqueIdentifier>{aad163b2-003d-4531-81aa-f111508c2b07}</UniqueIdentifier>
    </Filter>
  </ItemGroup>
  <ItemGroup>
    <ClInclude Include="framework.h">
      <Filter>헤더 파일</Filter>
    </ClInclude>
    <ClInclude Include="targetver.h">
      <Filter>헤더 파일</Filter>
    </ClInclude>
    <ClInclude Include="Resource.h">
      <Filter>헤더 파일</Filter>
    </ClInclude>
    <ClInclude Include="InhaWinAPIGame.h">
      <Filter>헤더 파일</Filter>
    </ClInclude>
    <ClInclude Include="Game.h">
      <Filter>헤더 파일</Filter>
    </ClInclude>
    <ClInclude Include="MathSH.h">
      <Filter>헤더 파일\Engine\Utilities</Filter>
    </ClInclude>
    <ClInclude Include="Vec2.h">
      <Filter>헤더 파일\Engine\Utilities\Vec</Filter>
    </ClInclude>
    <ClInclude Include="Vec3.h">
      <Filter>헤더 파일\Engine\Utilities\Vec</Filter>
    </ClInclude>
    <ClInclude Include="Mat2.h">
      <Filter>헤더 파일\Engine\Utilities\Mat</Filter>
    </ClInclude>
    <ClInclude Include="Mat3.h">
      <Filter>헤더 파일\Engine\Utilities\Mat</Filter>
    </ClInclude>
    <ClInclude Include="UtilSH.h">
      <Filter>헤더 파일\Engine\Utilities</Filter>
    </ClInclude>
    <ClInclude Include="Codex.h">
      <Filter>헤더 파일\Engine\Utilities</Filter>
    </ClInclude>
    <ClInclude Include="FrameTimer.h">
      <Filter>헤더 파일\Engine\Utilities</Filter>
    </ClInclude>
    <ClInclude Include="Vec2W.h">
      <Filter>헤더 파일\Engine\Utilities\Vec</Filter>
    </ClInclude>
    <ClInclude Include="PhysicsEntity.h">
      <Filter>헤더 파일\Engine\Physics</Filter>
    </ClInclude>
    <ClInclude Include="PhysicsEntityTypeTraits.h">
      <Filter>헤더 파일\Engine\Physics</Filter>
    </ClInclude>
    <ClInclude Include="CollisionManager.h">
      <Filter>헤더 파일\Engine\Physics</Filter>
    </ClInclude>
    <ClInclude Include="DrawManager.h">
      <Filter>헤더 파일\Engine\Graphics</Filter>
    </ClInclude>
    <ClInclude Include="FileManager.h">
      <Filter>헤더 파일\Engine\Utilities</Filter>
    </ClInclude>
    <ClInclude Include="GDIPlusManager.h">
      <Filter>헤더 파일\Engine\Graphics</Filter>
    </ClInclude>
    <ClInclude Include="ImageCodex.h">
      <Filter>헤더 파일\Engine\Utilities</Filter>
    </ClInclude>
    <ClInclude Include="PatternMatchingListener.h">
      <Filter>헤더 파일\Engine\Utilities</Filter>
    </ClInclude>
    <ClInclude Include="Surface.h">
      <Filter>헤더 파일\Engine\Graphics</Filter>
    </ClInclude>
    <ClInclude Include="Actor.h">
      <Filter>헤더 파일\Engine\Actor</Filter>
    </ClInclude>
    <ClInclude Include="Arrow.h">
      <Filter>헤더 파일\GameObjects\DynamicActor</Filter>
    </ClInclude>
    <ClInclude Include="Bullet.h">
      <Filter>헤더 파일\GameObjects\DynamicActor</Filter>
    </ClInclude>
    <ClInclude Include="Shooter.h">
      <Filter>헤더 파일\GameObjects\DynamicActor</Filter>
    </ClInclude>
    <ClInclude Include="Brick.h">
      <Filter>헤더 파일\GameObjects\StaticActor</Filter>
    </ClInclude>
    <ClInclude Include="Scene.h">
      <Filter>헤더 파일\Engine\Scene</Filter>
    </ClInclude>
    <ClInclude Include="SceneMainGame.h">
      <Filter>헤더 파일\Scene</Filter>
    </ClInclude>
    <ClInclude Include="GeometricObject.h">
      <Filter>헤더 파일\Engine\Physics\GeometricObject</Filter>
    </ClInclude>
    <ClInclude Include="Circle.h">
      <Filter>헤더 파일\Engine\Physics\GeometricObject</Filter>
    </ClInclude>
    <ClInclude Include="Rect.h">
      <Filter>헤더 파일\Engine\Physics\GeometricObject</Filter>
    </ClInclude>
    <ClInclude Include="Star.h">
      <Filter>헤더 파일\Engine\Physics\GeometricObject</Filter>
    </ClInclude>
    <ClInclude Include="Physics.h">
      <Filter>헤더 파일\Engine\Physics</Filter>
    </ClInclude>
    <ClInclude Include="DynamicActor.h">
      <Filter>헤더 파일\Engine\Actor</Filter>
    </ClInclude>
    <ClInclude Include="SceneStage.h">
      <Filter>헤더 파일\Scene</Filter>
    </ClInclude>
    <ClInclude Include="PanicPlayer.h">
      <Filter>헤더 파일\GameObjects\DynamicActor</Filter>
    </ClInclude>
    <ClInclude Include="PlayerArea.h">
      <Filter>헤더 파일\GameObjects\StaticActor</Filter>
    </ClInclude>
    <ClInclude Include="PolygonGDI.h">
      <Filter>헤더 파일</Filter>
    </ClInclude>
  </ItemGroup>
  <ItemGroup>
    <ClCompile Include="InhaWinAPIGame.cpp">
      <Filter>소스 파일</Filter>
    </ClCompile>
    <ClCompile Include="Game.cpp">
      <Filter>소스 파일</Filter>
    </ClCompile>
    <ClCompile Include="FrameTimer.cpp">
      <Filter>소스 파일\Engine\Utility</Filter>
    </ClCompile>
    <ClCompile Include="FileManager.cpp">
      <Filter>소스 파일\Engine\Utility</Filter>
    </ClCompile>
    <ClCompile Include="GDIPlusManager.cpp">
      <Filter>소스 파일\Engine\Graphics</Filter>
    </ClCompile>
    <ClCompile Include="Surface.cpp">
      <Filter>소스 파일\Engine\Graphics</Filter>
    </ClCompile>
    <ClCompile Include="PhysicsEntity.cpp">
      <Filter>소스 파일\Engine\Physics</Filter>
    </ClCompile>
    <ClCompile Include="Arrow.cpp">
      <Filter>소스 파일\GameObjects\DynamicActor</Filter>
    </ClCompile>
    <ClCompile Include="Bullet.cpp">
      <Filter>소스 파일\GameObjects\DynamicActor</Filter>
    </ClCompile>
    <ClCompile Include="Shooter.cpp">
      <Filter>소스 파일\GameObjects\DynamicActor</Filter>
    </ClCompile>
    <ClCompile Include="Brick.cpp">
      <Filter>소스 파일\GameObjects\StaticActor</Filter>
    </ClCompile>
    <ClCompile Include="SceneMainGame.cpp">
      <Filter>소스 파일\Scene</Filter>
    </ClCompile>
    <ClCompile Include="CollisionManager.cpp">
      <Filter>소스 파일\Engine\Physics</Filter>
    </ClCompile>
    <ClCompile Include="DynamicActor.cpp">
      <Filter>소스 파일\Engine\Actor</Filter>
    </ClCompile>
    <ClCompile Include="SceneStage.cpp">
      <Filter>소스 파일\Scene</Filter>
    </ClCompile>
    <ClCompile Include="PanicPlayer.cpp">
      <Filter>소스 파일\GameObjects\DynamicActor</Filter>
    </ClCompile>
    <ClCompile Include="PlayerArea.cpp">
      <Filter>소스 파일</Filter>
    </ClCompile>
  </ItemGroup>
  <ItemGroup>
    <ResourceCompile Include="InhaWinAPIGame.rc">
      <Filter>리소스 파일</Filter>
    </ResourceCompile>
  </ItemGroup>
  <ItemGroup>
    <Image Include="small.ico">
      <Filter>리소스 파일</Filter>
    </Image>
    <Image Include="InhaWinAPIGame.ico">
      <Filter>리소스 파일</Filter>
    </Image>
  </ItemGroup>
</Project>